
Microsoft Visual Studio Solution File, Format Version 12.00
# Visual Studio 14
VisualStudioVersion = 14.0.25420.1
MinimumVisualStudioVersion = 10.0.40219.1
Project("{FAE04EC0-301F-11D3-BF4B-00C04F79EFBC}") = "Attivometro", "Attivometro\Attivometro.csproj", "{28922992-B226-480E-BAA1-7A6FE9911A8A}"
EndProject
Project("{FAE04EC0-301F-11D3-BF4B-00C04F79EFBC}") = "GoogleDriveDataLayer", "GoogleDriveDataLayer\GoogleDriveDataLayer.csproj", "{C53CFD56-1F85-42A0-A1A7-B0AF8E30BD8B}"
EndProject
Project("{FAE04EC0-301F-11D3-BF4B-00C04F79EFBC}") = "AttivometroDataManager", "AttivometroDataManager\AttivometroDataManager.csproj", "{EB004938-C342-4D4E-AAA5-06AEB661A916}"
EndProject
Project("{FAE04EC0-301F-11D3-BF4B-00C04F79EFBC}") = "Esporta", "Esporta\Esporta.csproj", "{426F860C-BBE3-4B73-8A4D-4D11FF1AC917}"
EndProject
Global
	GlobalSection(Performance) = preSolution
		HasPerformanceSessions = true
	EndGlobalSection
	GlobalSection(SolutionConfigurationPlatforms) = preSolution
		Debug|Any CPU = Debug|Any CPU
		Release|Any CPU = Release|Any CPU
	EndGlobalSection
	GlobalSection(ProjectConfigurationPlatforms) = postSolution
		{28922992-B226-480E-BAA1-7A6FE9911A8A}.Debug|Any CPU.ActiveCfg = Debug|Any CPU
		{28922992-B226-480E-BAA1-7A6FE9911A8A}.Debug|Any CPU.Build.0 = Debug|Any CPU
		{28922992-B226-480E-BAA1-7A6FE9911A8A}.Release|Any CPU.ActiveCfg = Release|Any CPU
		{28922992-B226-480E-BAA1-7A6FE9911A8A}.Release|Any CPU.Build.0 = Release|Any CPU
		{C53CFD56-1F85-42A0-A1A7-B0AF8E30BD8B}.Debug|Any CPU.ActiveCfg = Debug|Any CPU
		{C53CFD56-1F85-42A0-A1A7-B0AF8E30BD8B}.Debug|Any CPU.Build.0 = Debug|Any CPU
		{C53CFD56-1F85-42A0-A1A7-B0AF8E30BD8B}.Release|Any CPU.ActiveCfg = Release|Any CPU
		{C53CFD56-1F85-42A0-A1A7-B0AF8E30BD8B}.Release|Any CPU.Build.0 = Release|Any CPU
		{EB004938-C342-4D4E-AAA5-06AEB661A916}.Debug|Any CPU.ActiveCfg = Debug|Any CPU
		{EB004938-C342-4D4E-AAA5-06AEB661A916}.Debug|Any CPU.Build.0 = Debug|Any CPU
		{EB004938-C342-4D4E-AAA5-06AEB661A916}.Release|Any CPU.ActiveCfg = Release|Any CPU
		{EB004938-C342-4D4E-AAA5-06AEB661A916}.Release|Any CPU.Build.0 = Release|Any CPU
		{426F860C-BBE3-4B73-8A4D-4D11FF1AC917}.Debug|Any CPU.ActiveCfg = Debug|Any CPU
		{426F860C-BBE3-4B73-8A4D-4D11FF1AC917}.Debug|Any CPU.Build.0 = Debug|Any CPU
		{426F860C-BBE3-4B73-8A4D-4D11FF1AC917}.Release|Any CPU.ActiveCfg = Release|Any CPU
		{426F860C-BBE3-4B73-8A4D-4D11FF1AC917}.Release|Any CPU.Build.0 = Release|Any CPU
	EndGlobalSection
	GlobalSection(SolutionProperties) = preSolution
		HideSolutionNode = FALSE
	EndGlobalSection
EndGlobal
